
Microsoft Visual Studio Solution File, Format Version 12.00
# Visual Studio 2012
Project("{2150E333-8FDC-42A3-9474-1A3956D46DE8}") = "libs", "libs", "{9D58181E-BC7B-470A-AC72-564E4A2838C9}"
EndProject
Project("{FAE04EC0-301F-11D3-BF4B-00C04F79EFBC}") = "crypto", "libs\bccrypto-net-1.7-src-ext\crypto.csproj", "{38872A5F-E87E-4FAD-B109-8EB7B2E6A4A0}"
EndProject
Project("{FAE04EC0-301F-11D3-BF4B-00C04F79EFBC}") = "WPFToolkit.Extended", "libs\WPFToolkit.Extended-v1.5.0\WPFToolkit.Extended.csproj", "{72E591D6-8F83-4D8C-8F67-9C325E623234}"
EndProject
Project("{2150E333-8FDC-42A3-9474-1A3956D46DE8}") = "odm.player", "odm.player", "{E873AEE8-3AFE-41B0-B365-8B2542ACFA6F}"
EndProject
Project("{FAE04EC0-301F-11D3-BF4B-00C04F79EFBC}") = "odm.player.media", "odm\odm.player\odm.player.media\odm.player.media.csproj", "{5EE86409-3EA7-482A-8702-6DCA0D3BC4B1}"
EndProject
Project("{8BC9CEB8-8B4A-11D0-8D11-00A0C91BC942}") = "odm.player.net.v110", "odm\odm.player\odm.player.net\odm.player.net.v110.vcxproj", "{D3EEB24E-79A7-48B3-8D58-EDBABB68CF0A}"
EndProject
Project("{8BC9CEB8-8B4A-11D0-8D11-00A0C91BC942}") = "odm.player.lib.v110", "odm\odm.player\odm.player.lib\odm.player.lib.v110.vcxproj", "{28075439-FFFD-4E7A-AE50-A7C315566F87}"
EndProject
Project("{FAE04EC0-301F-11D3-BF4B-00C04F79EFBC}") = "odm.player.host", "odm\odm.player\odm.player.host\odm.player.host.csproj", "{31A6319F-F5E4-4DA4-8258-76B8E3A09EA4}"
EndProject
Project("{2150E333-8FDC-42A3-9474-1A3956D46DE8}") = "utils", "utils", "{C0B6D110-9422-4135-8208-926C67909788}"
EndProject
Project("{FAE04EC0-301F-11D3-BF4B-00C04F79EFBC}") = "utils.async", "utils\utils.async\utils.async.csproj", "{CA45551A-6A4E-4E3D-AF2E-E081F209BB14}"
EndProject
Project("{FAE04EC0-301F-11D3-BF4B-00C04F79EFBC}") = "utils.bindings", "utils\utils.bindings\utils.bindings.csproj", "{161F40E9-5DB5-4AAC-93E3-20533C8EC463}"
EndProject
Project("{FAE04EC0-301F-11D3-BF4B-00C04F79EFBC}") = "utils.common", "utils\utils.common\utils.common.csproj", "{2FAA440A-87D3-41AB-9931-25AC306A25BA}"
EndProject
Project("{FAE04EC0-301F-11D3-BF4B-00C04F79EFBC}") = "utils.diagnostics", "utils\utils.diagnostics\utils.diagnostics.csproj", "{C89D83CA-C0FA-4573-A63E-F716DD628696}"
EndProject
Project("{FAE04EC0-301F-11D3-BF4B-00C04F79EFBC}") = "utils.linq", "utils\utils.linq\utils.linq.csproj", "{65FB2C9F-3A0F-4E3F-ADBD-912BC6F08508}"
EndProject
Project("{FAE04EC0-301F-11D3-BF4B-00C04F79EFBC}") = "utils.wpf", "utils\utils.wpf\utils.wpf.csproj", "{0F9687CE-3798-4469-8A4F-F3BC15997702}"
EndProject
Project("{FAE04EC0-301F-11D3-BF4B-00C04F79EFBC}") = "utils.xml", "utils\utils.xml\utils.xml.csproj", "{C00B45E2-5ABA-4F7A-BD85-505594794AAE}"
EndProject
Project("{F2A71F9B-5D33-465A-A702-920D77279786}") = "utils.fsharp", "utils\utils.fsharp\utils.fsharp.fsproj", "{04196C86-66F6-4A9C-BE0B-90AA5353B1C6}"
EndProject
Project("{FAE04EC0-301F-11D3-BF4B-00C04F79EFBC}") = "utils.bootstrapping", "utils\utils.bootstrapping\utils.bootstrapping.csproj", "{90B75C37-636E-40FD-9005-4FD885A83EB2}"
EndProject
Project("{2150E333-8FDC-42A3-9474-1A3956D46DE8}") = "onvif", "onvif", "{72DD410B-7DF6-40C3-90F4-BCDFF6F20E97}"
EndProject
Project("{FAE04EC0-301F-11D3-BF4B-00C04F79EFBC}") = "onvif.services", "onvif\onvif.services\onvif.services.csproj", "{3CB4F764-648F-4AA3-9E85-91992337D3EA}"
EndProject
Project("{F2A71F9B-5D33-465A-A702-920D77279786}") = "onvif.session", "onvif\onvif.session\onvif.session.fsproj", "{902A3FF3-E9BD-443D-8FC1-69AA42B5F76B}"
EndProject
Project("{F2A71F9B-5D33-465A-A702-920D77279786}") = "onvif.utils", "onvif\onvif.utils\onvif.utils.fsproj", "{55DED141-56C3-4DA9-BE07-03708D7A2275}"
EndProject
Project("{F2A71F9B-5D33-465A-A702-920D77279786}") = "onvif.discovery", "onvif\onvif.discovery\onvif.discovery.fsproj", "{6AF1CA5F-AE7C-4041-A49C-F1112BFF27B7}"
EndProject
Project("{F2A71F9B-5D33-465A-A702-920D77279786}") = "odm.onvif.extensions", "odm\odm.onvif.extensions\odm.onvif.extensions.fsproj", "{B900157A-8F66-4C82-BEF3-9BFA7E85DF9D}"
EndProject
Project("{F2A71F9B-5D33-465A-A702-920D77279786}") = "odm.infra", "odm\odm.infra\odm.infra.fsproj", "{A13DCAE1-F908-431B-94BA-9CCE4C11D496}"
EndProject
Project("{FAE04EC0-301F-11D3-BF4B-00C04F79EFBC}") = "odm.localization", "odm\odm.localization\odm.localization.csproj", "{88A8B3A8-7758-4E5A-8DA8-692BAC98B07B}"
EndProject
Project("{FAE04EC0-301F-11D3-BF4B-00C04F79EFBC}") = "odm.ui.views", "odm\odm.ui.views\odm.ui.views.csproj", "{FB9F3DD8-4B0E-4ED8-8F1D-DC52650D3596}"
EndProject
Project("{2150E333-8FDC-42A3-9474-1A3956D46DE8}") = "odm.plugins", "odm.plugins", "{2AEFA9F9-B9CE-46E5-8303-09E482E3D513}"
EndProject
Project("{FAE04EC0-301F-11D3-BF4B-00C04F79EFBC}") = "synesis", "odm\odm.plugins\synesis\synesis.csproj", "{26D449A6-B607-4E7F-A605-9A3BAB803B8B}"
EndProject
Project("{FAE04EC0-301F-11D3-BF4B-00C04F79EFBC}") = "odm.ui.models", "odm\odm.ui.models\odm.ui.models.csproj", "{312A926D-B6B9-4CE9-9A1E-A56142D28120}"
EndProject
Project("{FAE04EC0-301F-11D3-BF4B-00C04F79EFBC}") = "odm.ui.app", "odm\odm.ui.app\odm.ui.app.csproj", "{58032735-EDF3-452D-8B6C-0E7AE8D7CDD6}"
	ProjectSection(ProjectDependencies) = postProject
		{31A6319F-F5E4-4DA4-8258-76B8E3A09EA4} = {31A6319F-F5E4-4DA4-8258-76B8E3A09EA4}
	EndProjectSection
EndProject
Project("{FAE04EC0-301F-11D3-BF4B-00C04F79EFBC}") = "odm.extensibility", "odm\odm.extensibility\odm.extensibility.csproj", "{1ADC989A-D944-48FB-A371-25D4453AF25E}"
EndProject
Project("{F2A71F9B-5D33-465A-A702-920D77279786}") = "odm.ui.activities", "odm\odm.ui.activities\odm.ui.activities.fsproj", "{14E1A0F2-CA90-4C89-AF93-058A1DCED77B}"
EndProject
Project("{8BC9CEB8-8B4A-11D0-8D11-00A0C91BC942}") = "live555-v110", "libs\live555-2013.02.11\live555-v110.vcxproj", "{9819B4D5-2F85-4349-8159-E3A64CF97DC1}"
EndProject
Global
	GlobalSection(SolutionConfigurationPlatforms) = preSolution
		Debug|Win32 = Debug|Win32
		Debug|x64 = Debug|x64
		Release|Win32 = Release|Win32
		Release|x64 = Release|x64
	EndGlobalSection
	GlobalSection(ProjectConfigurationPlatforms) = postSolution
		{38872A5F-E87E-4FAD-B109-8EB7B2E6A4A0}.Debug|Win32.ActiveCfg = Debug|Any CPU
		{38872A5F-E87E-4FAD-B109-8EB7B2E6A4A0}.Debug|Win32.Build.0 = Debug|Any CPU
		{38872A5F-E87E-4FAD-B109-8EB7B2E6A4A0}.Debug|x64.ActiveCfg = Debug|Any CPU
		{38872A5F-E87E-4FAD-B109-8EB7B2E6A4A0}.Debug|x64.Build.0 = Debug|Any CPU
		{38872A5F-E87E-4FAD-B109-8EB7B2E6A4A0}.Release|Win32.ActiveCfg = Release|Any CPU
		{38872A5F-E87E-4FAD-B109-8EB7B2E6A4A0}.Release|Win32.Build.0 = Release|Any CPU
		{38872A5F-E87E-4FAD-B109-8EB7B2E6A4A0}.Release|x64.ActiveCfg = Release|Any CPU
		{38872A5F-E87E-4FAD-B109-8EB7B2E6A4A0}.Release|x64.Build.0 = Release|Any CPU
		{72E591D6-8F83-4D8C-8F67-9C325E623234}.Debug|Win32.ActiveCfg = Debug|Any CPU
		{72E591D6-8F83-4D8C-8F67-9C325E623234}.Debug|Win32.Build.0 = Debug|Any CPU
		{72E591D6-8F83-4D8C-8F67-9C325E623234}.Debug|x64.ActiveCfg = Debug|Any CPU
		{72E591D6-8F83-4D8C-8F67-9C325E623234}.Debug|x64.Build.0 = Debug|Any CPU
		{72E591D6-8F83-4D8C-8F67-9C325E623234}.Release|Win32.ActiveCfg = Release|Any CPU
		{72E591D6-8F83-4D8C-8F67-9C325E623234}.Release|Win32.Build.0 = Release|Any CPU
		{72E591D6-8F83-4D8C-8F67-9C325E623234}.Release|x64.ActiveCfg = Release|Any CPU
		{72E591D6-8F83-4D8C-8F67-9C325E623234}.Release|x64.Build.0 = Release|Any CPU
		{5EE86409-3EA7-482A-8702-6DCA0D3BC4B1}.Debug|Win32.ActiveCfg = Debug|Net40
		{5EE86409-3EA7-482A-8702-6DCA0D3BC4B1}.Debug|Win32.Build.0 = Debug|Net40
		{5EE86409-3EA7-482A-8702-6DCA0D3BC4B1}.Debug|x64.ActiveCfg = Debug|Net40
		{5EE86409-3EA7-482A-8702-6DCA0D3BC4B1}.Debug|x64.Build.0 = Debug|Net40
		{5EE86409-3EA7-482A-8702-6DCA0D3BC4B1}.Release|Win32.ActiveCfg = Release|Net40
		{5EE86409-3EA7-482A-8702-6DCA0D3BC4B1}.Release|Win32.Build.0 = Release|Net40
		{5EE86409-3EA7-482A-8702-6DCA0D3BC4B1}.Release|x64.ActiveCfg = Release|Net40
		{5EE86409-3EA7-482A-8702-6DCA0D3BC4B1}.Release|x64.Build.0 = Release|Net40
		{D3EEB24E-79A7-48B3-8D58-EDBABB68CF0A}.Debug|Win32.ActiveCfg = Debug|Win32
		{D3EEB24E-79A7-48B3-8D58-EDBABB68CF0A}.Debug|Win32.Build.0 = Debug|Win32
		{D3EEB24E-79A7-48B3-8D58-EDBABB68CF0A}.Debug|x64.ActiveCfg = Debug|x64
		{D3EEB24E-79A7-48B3-8D58-EDBABB68CF0A}.Debug|x64.Build.0 = Debug|x64
		{D3EEB24E-79A7-48B3-8D58-EDBABB68CF0A}.Release|Win32.ActiveCfg = Release|Win32
		{D3EEB24E-79A7-48B3-8D58-EDBABB68CF0A}.Release|Win32.Build.0 = Release|Win32
		{D3EEB24E-79A7-48B3-8D58-EDBABB68CF0A}.Release|x64.ActiveCfg = Release|x64
		{D3EEB24E-79A7-48B3-8D58-EDBABB68CF0A}.Release|x64.Build.0 = Release|x64
		{28075439-FFFD-4E7A-AE50-A7C315566F87}.Debug|Win32.ActiveCfg = Debug|Win32
		{28075439-FFFD-4E7A-AE50-A7C315566F87}.Debug|Win32.Build.0 = Debug|Win32
		{28075439-FFFD-4E7A-AE50-A7C315566F87}.Debug|x64.ActiveCfg = Debug|x64
		{28075439-FFFD-4E7A-AE50-A7C315566F87}.Debug|x64.Build.0 = Debug|x64
		{28075439-FFFD-4E7A-AE50-A7C315566F87}.Release|Win32.ActiveCfg = Release|Win32
		{28075439-FFFD-4E7A-AE50-A7C315566F87}.Release|Win32.Build.0 = Release|Win32
		{28075439-FFFD-4E7A-AE50-A7C315566F87}.Release|x64.ActiveCfg = Release|x64
		{28075439-FFFD-4E7A-AE50-A7C315566F87}.Release|x64.Build.0 = Release|x64
		{31A6319F-F5E4-4DA4-8258-76B8E3A09EA4}.Debug|Win32.ActiveCfg = Debug|x86
		{31A6319F-F5E4-4DA4-8258-76B8E3A09EA4}.Debug|Win32.Build.0 = Debug|x86
		{31A6319F-F5E4-4DA4-8258-76B8E3A09EA4}.Debug|x64.ActiveCfg = Debug|x64
		{31A6319F-F5E4-4DA4-8258-76B8E3A09EA4}.Debug|x64.Build.0 = Debug|x64
		{31A6319F-F5E4-4DA4-8258-76B8E3A09EA4}.Release|Win32.ActiveCfg = Release|x86
		{31A6319F-F5E4-4DA4-8258-76B8E3A09EA4}.Release|Win32.Build.0 = Release|x86
		{31A6319F-F5E4-4DA4-8258-76B8E3A09EA4}.Release|x64.ActiveCfg = Release|x64
		{31A6319F-F5E4-4DA4-8258-76B8E3A09EA4}.Release|x64.Build.0 = Release|x64
		{CA45551A-6A4E-4E3D-AF2E-E081F209BB14}.Debug|Win32.ActiveCfg = Debug|Net40
		{CA45551A-6A4E-4E3D-AF2E-E081F209BB14}.Debug|Win32.Build.0 = Debug|Net40
		{CA45551A-6A4E-4E3D-AF2E-E081F209BB14}.Debug|x64.ActiveCfg = Debug|Net40
		{CA45551A-6A4E-4E3D-AF2E-E081F209BB14}.Debug|x64.Build.0 = Debug|Net40
		{CA45551A-6A4E-4E3D-AF2E-E081F209BB14}.Release|Win32.ActiveCfg = Release|Net40
		{CA45551A-6A4E-4E3D-AF2E-E081F209BB14}.Release|Win32.Build.0 = Release|Net40
		{CA45551A-6A4E-4E3D-AF2E-E081F209BB14}.Release|x64.ActiveCfg = Release|Net40
		{CA45551A-6A4E-4E3D-AF2E-E081F209BB14}.Release|x64.Build.0 = Release|Net40
		{161F40E9-5DB5-4AAC-93E3-20533C8EC463}.Debug|Win32.ActiveCfg = Debug|Net40
		{161F40E9-5DB5-4AAC-93E3-20533C8EC463}.Debug|Win32.Build.0 = Debug|Net40
		{161F40E9-5DB5-4AAC-93E3-20533C8EC463}.Debug|x64.ActiveCfg = Debug|Net40
		{161F40E9-5DB5-4AAC-93E3-20533C8EC463}.Debug|x64.Build.0 = Debug|Net40
		{161F40E9-5DB5-4AAC-93E3-20533C8EC463}.Release|Win32.ActiveCfg = Release|Net40
		{161F40E9-5DB5-4AAC-93E3-20533C8EC463}.Release|Win32.Build.0 = Release|Net40
		{161F40E9-5DB5-4AAC-93E3-20533C8EC463}.Release|x64.ActiveCfg = Release|Net40
		{161F40E9-5DB5-4AAC-93E3-20533C8EC463}.Release|x64.Build.0 = Release|Net40
		{2FAA440A-87D3-41AB-9931-25AC306A25BA}.Debug|Win32.ActiveCfg = Debug|Net40
		{2FAA440A-87D3-41AB-9931-25AC306A25BA}.Debug|Win32.Build.0 = Debug|Net40
		{2FAA440A-87D3-41AB-9931-25AC306A25BA}.Debug|x64.ActiveCfg = Debug|Net40
		{2FAA440A-87D3-41AB-9931-25AC306A25BA}.Debug|x64.Build.0 = Debug|Net40
		{2FAA440A-87D3-41AB-9931-25AC306A25BA}.Release|Win32.ActiveCfg = Release|Net40
		{2FAA440A-87D3-41AB-9931-25AC306A25BA}.Release|Win32.Build.0 = Release|Net40
		{2FAA440A-87D3-41AB-9931-25AC306A25BA}.Release|x64.ActiveCfg = Release|Net40
		{2FAA440A-87D3-41AB-9931-25AC306A25BA}.Release|x64.Build.0 = Release|Net40
		{C89D83CA-C0FA-4573-A63E-F716DD628696}.Debug|Win32.ActiveCfg = Debug|Net40
		{C89D83CA-C0FA-4573-A63E-F716DD628696}.Debug|Win32.Build.0 = Debug|Net40
		{C89D83CA-C0FA-4573-A63E-F716DD628696}.Debug|x64.ActiveCfg = Debug|Net40
		{C89D83CA-C0FA-4573-A63E-F716DD628696}.Debug|x64.Build.0 = Debug|Net40
		{C89D83CA-C0FA-4573-A63E-F716DD628696}.Release|Win32.ActiveCfg = Release|Net40
		{C89D83CA-C0FA-4573-A63E-F716DD628696}.Release|Win32.Build.0 = Release|Net40
		{C89D83CA-C0FA-4573-A63E-F716DD628696}.Release|x64.ActiveCfg = Release|Net40
		{C89D83CA-C0FA-4573-A63E-F716DD628696}.Release|x64.Build.0 = Release|Net40
		{65FB2C9F-3A0F-4E3F-ADBD-912BC6F08508}.Debug|Win32.ActiveCfg = Debug|Net40
		{65FB2C9F-3A0F-4E3F-ADBD-912BC6F08508}.Debug|Win32.Build.0 = Debug|Net40
		{65FB2C9F-3A0F-4E3F-ADBD-912BC6F08508}.Debug|x64.ActiveCfg = Debug|Net40
		{65FB2C9F-3A0F-4E3F-ADBD-912BC6F08508}.Debug|x64.Build.0 = Debug|Net40
		{65FB2C9F-3A0F-4E3F-ADBD-912BC6F08508}.Release|Win32.ActiveCfg = Release|Net40
		{65FB2C9F-3A0F-4E3F-ADBD-912BC6F08508}.Release|Win32.Build.0 = Release|Net40
		{65FB2C9F-3A0F-4E3F-ADBD-912BC6F08508}.Release|x64.ActiveCfg = Release|Net40
		{65FB2C9F-3A0F-4E3F-ADBD-912BC6F08508}.Release|x64.Build.0 = Release|Net40
		{0F9687CE-3798-4469-8A4F-F3BC15997702}.Debug|Win32.ActiveCfg = Debug|Net40
		{0F9687CE-3798-4469-8A4F-F3BC15997702}.Debug|Win32.Build.0 = Debug|Net40
		{0F9687CE-3798-4469-8A4F-F3BC15997702}.Debug|x64.ActiveCfg = Debug|Net40
		{0F9687CE-3798-4469-8A4F-F3BC15997702}.Debug|x64.Build.0 = Debug|Net40
		{0F9687CE-3798-4469-8A4F-F3BC15997702}.Release|Win32.ActiveCfg = Release|Net40
		{0F9687CE-3798-4469-8A4F-F3BC15997702}.Release|Win32.Build.0 = Release|Net40
		{0F9687CE-3798-4469-8A4F-F3BC15997702}.Release|x64.ActiveCfg = Release|Net40
		{0F9687CE-3798-4469-8A4F-F3BC15997702}.Release|x64.Build.0 = Release|Net40
		{C00B45E2-5ABA-4F7A-BD85-505594794AAE}.Debug|Win32.ActiveCfg = Debug|Net40
		{C00B45E2-5ABA-4F7A-BD85-505594794AAE}.Debug|Win32.Build.0 = Debug|Net40
		{C00B45E2-5ABA-4F7A-BD85-505594794AAE}.Debug|x64.ActiveCfg = Debug|Net40
		{C00B45E2-5ABA-4F7A-BD85-505594794AAE}.Debug|x64.Build.0 = Debug|Net40
		{C00B45E2-5ABA-4F7A-BD85-505594794AAE}.Release|Win32.ActiveCfg = Release|Net40
		{C00B45E2-5ABA-4F7A-BD85-505594794AAE}.Release|Win32.Build.0 = Release|Net40
		{C00B45E2-5ABA-4F7A-BD85-505594794AAE}.Release|x64.ActiveCfg = Release|Net40
		{C00B45E2-5ABA-4F7A-BD85-505594794AAE}.Release|x64.Build.0 = Release|Net40
		{04196C86-66F6-4A9C-BE0B-90AA5353B1C6}.Debug|Win32.ActiveCfg = Debug|Net40
		{04196C86-66F6-4A9C-BE0B-90AA5353B1C6}.Debug|Win32.Build.0 = Debug|Net40
		{04196C86-66F6-4A9C-BE0B-90AA5353B1C6}.Debug|x64.ActiveCfg = Debug|Net40
		{04196C86-66F6-4A9C-BE0B-90AA5353B1C6}.Debug|x64.Build.0 = Debug|Net40
		{04196C86-66F6-4A9C-BE0B-90AA5353B1C6}.Release|Win32.ActiveCfg = Release|Net40
		{04196C86-66F6-4A9C-BE0B-90AA5353B1C6}.Release|Win32.Build.0 = Release|Net40
		{04196C86-66F6-4A9C-BE0B-90AA5353B1C6}.Release|x64.ActiveCfg = Release|Net40
		{04196C86-66F6-4A9C-BE0B-90AA5353B1C6}.Release|x64.Build.0 = Release|Net40
		{90B75C37-636E-40FD-9005-4FD885A83EB2}.Debug|Win32.ActiveCfg = Debug|Net40
		{90B75C37-636E-40FD-9005-4FD885A83EB2}.Debug|Win32.Build.0 = Debug|Net40
		{90B75C37-636E-40FD-9005-4FD885A83EB2}.Debug|x64.ActiveCfg = Debug|Net40
		{90B75C37-636E-40FD-9005-4FD885A83EB2}.Debug|x64.Build.0 = Debug|Net40
		{90B75C37-636E-40FD-9005-4FD885A83EB2}.Release|Win32.ActiveCfg = Release|Net40
		{90B75C37-636E-40FD-9005-4FD885A83EB2}.Release|Win32.Build.0 = Release|Net40
		{90B75C37-636E-40FD-9005-4FD885A83EB2}.Release|x64.ActiveCfg = Release|Net40
		{90B75C37-636E-40FD-9005-4FD885A83EB2}.Release|x64.Build.0 = Release|Net40
		{3CB4F764-648F-4AA3-9E85-91992337D3EA}.Debug|Win32.ActiveCfg = Debug|Net40
		{3CB4F764-648F-4AA3-9E85-91992337D3EA}.Debug|Win32.Build.0 = Debug|Net40
		{3CB4F764-648F-4AA3-9E85-91992337D3EA}.Debug|x64.ActiveCfg = Debug|Net40
		{3CB4F764-648F-4AA3-9E85-91992337D3EA}.Debug|x64.Build.0 = Debug|Net40
		{3CB4F764-648F-4AA3-9E85-91992337D3EA}.Release|Win32.ActiveCfg = Release|Net40
		{3CB4F764-648F-4AA3-9E85-91992337D3EA}.Release|Win32.Build.0 = Release|Net40
		{3CB4F764-648F-4AA3-9E85-91992337D3EA}.Release|x64.ActiveCfg = Release|Net40
		{3CB4F764-648F-4AA3-9E85-91992337D3EA}.Release|x64.Build.0 = Release|Net40
		{902A3FF3-E9BD-443D-8FC1-69AA42B5F76B}.Debug|Win32.ActiveCfg = Debug|Net40
		{902A3FF3-E9BD-443D-8FC1-69AA42B5F76B}.Debug|Win32.Build.0 = Debug|Net40
		{902A3FF3-E9BD-443D-8FC1-69AA42B5F76B}.Debug|x64.ActiveCfg = Debug|Net40
		{902A3FF3-E9BD-443D-8FC1-69AA42B5F76B}.Debug|x64.Build.0 = Debug|Net40
		{902A3FF3-E9BD-443D-8FC1-69AA42B5F76B}.Release|Win32.ActiveCfg = Release|Net40
		{902A3FF3-E9BD-443D-8FC1-69AA42B5F76B}.Release|Win32.Build.0 = Release|Net40
		{902A3FF3-E9BD-443D-8FC1-69AA42B5F76B}.Release|x64.ActiveCfg = Release|Net40
		{902A3FF3-E9BD-443D-8FC1-69AA42B5F76B}.Release|x64.Build.0 = Release|Net40
		{55DED141-56C3-4DA9-BE07-03708D7A2275}.Debug|Win32.ActiveCfg = Debug|Net40
		{55DED141-56C3-4DA9-BE07-03708D7A2275}.Debug|Win32.Build.0 = Debug|Net40
		{55DED141-56C3-4DA9-BE07-03708D7A2275}.Debug|x64.ActiveCfg = Debug|Net40
		{55DED141-56C3-4DA9-BE07-03708D7A2275}.Debug|x64.Build.0 = Debug|Net40
		{55DED141-56C3-4DA9-BE07-03708D7A2275}.Release|Win32.ActiveCfg = Release|Net40
		{55DED141-56C3-4DA9-BE07-03708D7A2275}.Release|Win32.Build.0 = Release|Net40
		{55DED141-56C3-4DA9-BE07-03708D7A2275}.Release|x64.ActiveCfg = Release|Net40
		{55DED141-56C3-4DA9-BE07-03708D7A2275}.Release|x64.Build.0 = Release|Net40
		{6AF1CA5F-AE7C-4041-A49C-F1112BFF27B7}.Debug|Win32.ActiveCfg = Debug|Net40
		{6AF1CA5F-AE7C-4041-A49C-F1112BFF27B7}.Debug|Win32.Build.0 = Debug|Net40
		{6AF1CA5F-AE7C-4041-A49C-F1112BFF27B7}.Debug|x64.ActiveCfg = Debug|Net40
		{6AF1CA5F-AE7C-4041-A49C-F1112BFF27B7}.Debug|x64.Build.0 = Debug|Net40
		{6AF1CA5F-AE7C-4041-A49C-F1112BFF27B7}.Release|Win32.ActiveCfg = Release|Net40
		{6AF1CA5F-AE7C-4041-A49C-F1112BFF27B7}.Release|Win32.Build.0 = Release|Net40
		{6AF1CA5F-AE7C-4041-A49C-F1112BFF27B7}.Release|x64.ActiveCfg = Release|Net40
		{6AF1CA5F-AE7C-4041-A49C-F1112BFF27B7}.Release|x64.Build.0 = Release|Net40
		{B900157A-8F66-4C82-BEF3-9BFA7E85DF9D}.Debug|Win32.ActiveCfg = Debug|Any CPU
		{B900157A-8F66-4C82-BEF3-9BFA7E85DF9D}.Debug|Win32.Build.0 = Debug|Any CPU
		{B900157A-8F66-4C82-BEF3-9BFA7E85DF9D}.Debug|x64.ActiveCfg = Debug|Any CPU
		{B900157A-8F66-4C82-BEF3-9BFA7E85DF9D}.Debug|x64.Build.0 = Debug|Any CPU
		{B900157A-8F66-4C82-BEF3-9BFA7E85DF9D}.Release|Win32.ActiveCfg = Release|Any CPU
		{B900157A-8F66-4C82-BEF3-9BFA7E85DF9D}.Release|Win32.Build.0 = Release|Any CPU
		{B900157A-8F66-4C82-BEF3-9BFA7E85DF9D}.Release|x64.ActiveCfg = Release|Any CPU
		{B900157A-8F66-4C82-BEF3-9BFA7E85DF9D}.Release|x64.Build.0 = Release|Any CPU
		{A13DCAE1-F908-431B-94BA-9CCE4C11D496}.Debug|Win32.ActiveCfg = Debug|Any CPU
		{A13DCAE1-F908-431B-94BA-9CCE4C11D496}.Debug|Win32.Build.0 = Debug|Any CPU
		{A13DCAE1-F908-431B-94BA-9CCE4C11D496}.Debug|x64.ActiveCfg = Debug|Any CPU
		{A13DCAE1-F908-431B-94BA-9CCE4C11D496}.Debug|x64.Build.0 = Debug|Any CPU
		{A13DCAE1-F908-431B-94BA-9CCE4C11D496}.Release|Win32.ActiveCfg = Release|Any CPU
		{A13DCAE1-F908-431B-94BA-9CCE4C11D496}.Release|Win32.Build.0 = Release|Any CPU
		{A13DCAE1-F908-431B-94BA-9CCE4C11D496}.Release|x64.ActiveCfg = Release|Any CPU
		{A13DCAE1-F908-431B-94BA-9CCE4C11D496}.Release|x64.Build.0 = Release|Any CPU
		{88A8B3A8-7758-4E5A-8DA8-692BAC98B07B}.Debug|Win32.ActiveCfg = Debug|Net40
		{88A8B3A8-7758-4E5A-8DA8-692BAC98B07B}.Debug|Win32.Build.0 = Debug|Net40
		{88A8B3A8-7758-4E5A-8DA8-692BAC98B07B}.Debug|x64.ActiveCfg = Debug|Net40
		{88A8B3A8-7758-4E5A-8DA8-692BAC98B07B}.Debug|x64.Build.0 = Debug|Net40
		{88A8B3A8-7758-4E5A-8DA8-692BAC98B07B}.Release|Win32.ActiveCfg = Release|Net40
		{88A8B3A8-7758-4E5A-8DA8-692BAC98B07B}.Release|Win32.Build.0 = Release|Net40
		{88A8B3A8-7758-4E5A-8DA8-692BAC98B07B}.Release|x64.ActiveCfg = Release|Net40
		{88A8B3A8-7758-4E5A-8DA8-692BAC98B07B}.Release|x64.Build.0 = Release|Net40
		{FB9F3DD8-4B0E-4ED8-8F1D-DC52650D3596}.Debug|Win32.ActiveCfg = Debug|Any CPU
		{FB9F3DD8-4B0E-4ED8-8F1D-DC52650D3596}.Debug|Win32.Build.0 = Debug|Any CPU
		{FB9F3DD8-4B0E-4ED8-8F1D-DC52650D3596}.Debug|x64.ActiveCfg = Debug|Any CPU
		{FB9F3DD8-4B0E-4ED8-8F1D-DC52650D3596}.Debug|x64.Build.0 = Debug|Any CPU
		{FB9F3DD8-4B0E-4ED8-8F1D-DC52650D3596}.Release|Win32.ActiveCfg = Release|Any CPU
		{FB9F3DD8-4B0E-4ED8-8F1D-DC52650D3596}.Release|Win32.Build.0 = Release|Any CPU
		{FB9F3DD8-4B0E-4ED8-8F1D-DC52650D3596}.Release|x64.ActiveCfg = Release|Any CPU
		{FB9F3DD8-4B0E-4ED8-8F1D-DC52650D3596}.Release|x64.Build.0 = Release|Any CPU
		{26D449A6-B607-4E7F-A605-9A3BAB803B8B}.Debug|Win32.ActiveCfg = Debug|Net40
		{26D449A6-B607-4E7F-A605-9A3BAB803B8B}.Debug|Win32.Build.0 = Debug|Net40
		{26D449A6-B607-4E7F-A605-9A3BAB803B8B}.Debug|x64.ActiveCfg = Debug|Net40
		{26D449A6-B607-4E7F-A605-9A3BAB803B8B}.Debug|x64.Build.0 = Debug|Net40
		{26D449A6-B607-4E7F-A605-9A3BAB803B8B}.Release|Win32.ActiveCfg = Release|Net40
		{26D449A6-B607-4E7F-A605-9A3BAB803B8B}.Release|Win32.Build.0 = Release|Net40
		{26D449A6-B607-4E7F-A605-9A3BAB803B8B}.Release|x64.ActiveCfg = Release|Net40
		{26D449A6-B607-4E7F-A605-9A3BAB803B8B}.Release|x64.Build.0 = Release|Net40
		{312A926D-B6B9-4CE9-9A1E-A56142D28120}.Debug|Win32.ActiveCfg = Debug|Any CPU
		{312A926D-B6B9-4CE9-9A1E-A56142D28120}.Debug|Win32.Build.0 = Debug|Any CPU
		{312A926D-B6B9-4CE9-9A1E-A56142D28120}.Debug|x64.ActiveCfg = Debug|Any CPU
		{312A926D-B6B9-4CE9-9A1E-A56142D28120}.Debug|x64.Build.0 = Debug|Any CPU
		{312A926D-B6B9-4CE9-9A1E-A56142D28120}.Release|Win32.ActiveCfg = Release|Any CPU
		{312A926D-B6B9-4CE9-9A1E-A56142D28120}.Release|Win32.Build.0 = Release|Any CPU
		{312A926D-B6B9-4CE9-9A1E-A56142D28120}.Release|x64.ActiveCfg = Release|Any CPU
		{312A926D-B6B9-4CE9-9A1E-A56142D28120}.Release|x64.Build.0 = Release|Any CPU
		{58032735-EDF3-452D-8B6C-0E7AE8D7CDD6}.Debug|Win32.ActiveCfg = Debug|x86
		{58032735-EDF3-452D-8B6C-0E7AE8D7CDD6}.Debug|Win32.Build.0 = Debug|x86
		{58032735-EDF3-452D-8B6C-0E7AE8D7CDD6}.Debug|x64.ActiveCfg = Debug|x64
		{58032735-EDF3-452D-8B6C-0E7AE8D7CDD6}.Debug|x64.Build.0 = Debug|x64
		{58032735-EDF3-452D-8B6C-0E7AE8D7CDD6}.Release|Win32.ActiveCfg = Release|x86
		{58032735-EDF3-452D-8B6C-0E7AE8D7CDD6}.Release|Win32.Build.0 = Release|x86
		{58032735-EDF3-452D-8B6C-0E7AE8D7CDD6}.Release|x64.ActiveCfg = Release|x64
		{58032735-EDF3-452D-8B6C-0E7AE8D7CDD6}.Release|x64.Build.0 = Release|x64
		{1ADC989A-D944-48FB-A371-25D4453AF25E}.Debug|Win32.ActiveCfg = Debug|Net40
		{1ADC989A-D944-48FB-A371-25D4453AF25E}.Debug|Win32.Build.0 = Debug|Net40
		{1ADC989A-D944-48FB-A371-25D4453AF25E}.Debug|x64.ActiveCfg = Debug|Net40
		{1ADC989A-D944-48FB-A371-25D4453AF25E}.Debug|x64.Build.0 = Debug|Net40
		{1ADC989A-D944-48FB-A371-25D4453AF25E}.Release|Win32.ActiveCfg = Release|Net40
		{1ADC989A-D944-48FB-A371-25D4453AF25E}.Release|Win32.Build.0 = Release|Net40
		{1ADC989A-D944-48FB-A371-25D4453AF25E}.Release|x64.ActiveCfg = Release|Net40
		{1ADC989A-D944-48FB-A371-25D4453AF25E}.Release|x64.Build.0 = Release|Net40
		{14E1A0F2-CA90-4C89-AF93-058A1DCED77B}.Debug|Win32.ActiveCfg = Debug|Any CPU
		{14E1A0F2-CA90-4C89-AF93-058A1DCED77B}.Debug|Win32.Build.0 = Debug|Any CPU
		{14E1A0F2-CA90-4C89-AF93-058A1DCED77B}.Debug|x64.ActiveCfg = Debug|Any CPU
		{14E1A0F2-CA90-4C89-AF93-058A1DCED77B}.Debug|x64.Build.0 = Debug|Any CPU
		{14E1A0F2-CA90-4C89-AF93-058A1DCED77B}.Release|Win32.ActiveCfg = Release|Any CPU
		{14E1A0F2-CA90-4C89-AF93-058A1DCED77B}.Release|Win32.Build.0 = Release|Any CPU
		{14E1A0F2-CA90-4C89-AF93-058A1DCED77B}.Release|x64.ActiveCfg = Release|Any CPU
		{14E1A0F2-CA90-4C89-AF93-058A1DCED77B}.Release|x64.Build.0 = Release|Any CPU
		{9819B4D5-2F85-4349-8159-E3A64CF97DC1}.Debug|Win32.ActiveCfg = Debug|Win32
		{9819B4D5-2F85-4349-8159-E3A64CF97DC1}.Debug|Win32.Build.0 = Debug|Win32
		{9819B4D5-2F85-4349-8159-E3A64CF97DC1}.Debug|x64.ActiveCfg = Debug|x64
		{9819B4D5-2F85-4349-8159-E3A64CF97DC1}.Debug|x64.Build.0 = Debug|x64
		{9819B4D5-2F85-4349-8159-E3A64CF97DC1}.Release|Win32.ActiveCfg = Release|Win32
		{9819B4D5-2F85-4349-8159-E3A64CF97DC1}.Release|Win32.Build.0 = Release|Win32
		{9819B4D5-2F85-4349-8159-E3A64CF97DC1}.Release|x64.ActiveCfg = Release|x64
		{9819B4D5-2F85-4349-8159-E3A64CF97DC1}.Release|x64.Build.0 = Release|x64
	EndGlobalSection
	GlobalSection(SolutionProperties) = preSolution
		HideSolutionNode = FALSE
	EndGlobalSection
	GlobalSection(NestedProjects) = preSolution
		{38872A5F-E87E-4FAD-B109-8EB7B2E6A4A0} = {9D58181E-BC7B-470A-AC72-564E4A2838C9}
		{72E591D6-8F83-4D8C-8F67-9C325E623234} = {9D58181E-BC7B-470A-AC72-564E4A2838C9}
		{9819B4D5-2F85-4349-8159-E3A64CF97DC1} = {9D58181E-BC7B-470A-AC72-564E4A2838C9}
		{5EE86409-3EA7-482A-8702-6DCA0D3BC4B1} = {E873AEE8-3AFE-41B0-B365-8B2542ACFA6F}
		{D3EEB24E-79A7-48B3-8D58-EDBABB68CF0A} = {E873AEE8-3AFE-41B0-B365-8B2542ACFA6F}
		{28075439-FFFD-4E7A-AE50-A7C315566F87} = {E873AEE8-3AFE-41B0-B365-8B2542ACFA6F}
		{31A6319F-F5E4-4DA4-8258-76B8E3A09EA4} = {E873AEE8-3AFE-41B0-B365-8B2542ACFA6F}
		{CA45551A-6A4E-4E3D-AF2E-E081F209BB14} = {C0B6D110-9422-4135-8208-926C67909788}
		{161F40E9-5DB5-4AAC-93E3-20533C8EC463} = {C0B6D110-9422-4135-8208-926C67909788}
		{2FAA440A-87D3-41AB-9931-25AC306A25BA} = {C0B6D110-9422-4135-8208-926C67909788}
		{C89D83CA-C0FA-4573-A63E-F716DD628696} = {C0B6D110-9422-4135-8208-926C67909788}
		{65FB2C9F-3A0F-4E3F-ADBD-912BC6F08508} = {C0B6D110-9422-4135-8208-926C67909788}
		{0F9687CE-3798-4469-8A4F-F3BC15997702} = {C0B6D110-9422-4135-8208-926C67909788}
		{C00B45E2-5ABA-4F7A-BD85-505594794AAE} = {C0B6D110-9422-4135-8208-926C67909788}
		{04196C86-66F6-4A9C-BE0B-90AA5353B1C6} = {C0B6D110-9422-4135-8208-926C67909788}
		{90B75C37-636E-40FD-9005-4FD885A83EB2} = {C0B6D110-9422-4135-8208-926C67909788}
		{3CB4F764-648F-4AA3-9E85-91992337D3EA} = {72DD410B-7DF6-40C3-90F4-BCDFF6F20E97}
		{902A3FF3-E9BD-443D-8FC1-69AA42B5F76B} = {72DD410B-7DF6-40C3-90F4-BCDFF6F20E97}
		{55DED141-56C3-4DA9-BE07-03708D7A2275} = {72DD410B-7DF6-40C3-90F4-BCDFF6F20E97}
		{6AF1CA5F-AE7C-4041-A49C-F1112BFF27B7} = {72DD410B-7DF6-40C3-90F4-BCDFF6F20E97}
		{26D449A6-B607-4E7F-A605-9A3BAB803B8B} = {2AEFA9F9-B9CE-46E5-8303-09E482E3D513}
	EndGlobalSection
	GlobalSection(ExtensibilityGlobals) = postSolution
		EnterpriseLibraryConfigurationToolBinariesPath = packages\Unity.2.1.505.0\lib\NET35
	EndGlobalSection
EndGlobal
